// !$*UTF8*$!
{
	archiveVersion = 1;
	classes = {
	};
	objectVersion = 50;
	objects = {

/* Begin PBXBuildFile section */
		600D0F31813B9C000169F5E8 /* Pods_MakeInstagram.framework in Frameworks */ = {isa = PBXBuildFile; fileRef = 04973601FD7E0C1151E4BDA9 /* Pods_MakeInstagram.framework */; };
		D2BD2A1421B037E700D35536 /* AppDelegate.swift in Sources */ = {isa = PBXBuildFile; fileRef = D2BD2A1321B037E700D35536 /* AppDelegate.swift */; };
		D2BD2A1621B037E800D35536 /* ViewController.swift in Sources */ = {isa = PBXBuildFile; fileRef = D2BD2A1521B037E800D35536 /* ViewController.swift */; };
		D2BD2A1921B037E800D35536 /* Main.storyboard in Resources */ = {isa = PBXBuildFile; fileRef = D2BD2A1721B037E800D35536 /* Main.storyboard */; };
		D2BD2A1B21B037E900D35536 /* Assets.xcassets in Resources */ = {isa = PBXBuildFile; fileRef = D2BD2A1A21B037E900D35536 /* Assets.xcassets */; };
		D2BD2A1E21B037E900D35536 /* LaunchScreen.storyboard in Resources */ = {isa = PBXBuildFile; fileRef = D2BD2A1C21B037E900D35536 /* LaunchScreen.storyboard */; };
		D2BD2A2921B037E900D35536 /* MakeInstagramTests.swift in Sources */ = {isa = PBXBuildFile; fileRef = D2BD2A2821B037E900D35536 /* MakeInstagramTests.swift */; };
		D2BD2A3421B037E900D35536 /* MakeInstagramUITests.swift in Sources */ = {isa = PBXBuildFile; fileRef = D2BD2A3321B037E900D35536 /* MakeInstagramUITests.swift */; };
		D2BD2A4221B03B6A00D35536 /* GoogleService-Info.plist in Resources */ = {isa = PBXBuildFile; fileRef = D2BD2A4121B03B6A00D35536 /* GoogleService-Info.plist */; };
		D2BD2A4321B03B6A00D35536 /* GoogleService-Info.plist in Resources */ = {isa = PBXBuildFile; fileRef = D2BD2A4121B03B6A00D35536 /* GoogleService-Info.plist */; };
		D2BD2A4421B03B6A00D35536 /* GoogleService-Info.plist in Resources */ = {isa = PBXBuildFile; fileRef = D2BD2A4121B03B6A00D35536 /* GoogleService-Info.plist */; };
		D2BD2A4E21B05FB800D35536 /* Login.storyboard in Resources */ = {isa = PBXBuildFile; fileRef = D2BD2A4D21B05FB800D35536 /* Login.storyboard */; };
		D2BD2A5021B0630800D35536 /* LoginViewController.swift in Sources */ = {isa = PBXBuildFile; fileRef = D2BD2A4F21B0630800D35536 /* LoginViewController.swift */; };
		D2BD2A5221B195A100D35536 /* User.swift in Sources */ = {isa = PBXBuildFile; fileRef = D2BD2A5121B195A100D35536 /* User.swift */; };
		D2CA2AB521B39909007863F1 /* CreateUsernameViewController.swift in Sources */ = {isa = PBXBuildFile; fileRef = D2CA2AB421B39909007863F1 /* CreateUsernameViewController.swift */; };
		D2CA2AB721B54267007863F1 /* UserService.swift in Sources */ = {isa = PBXBuildFile; fileRef = D2CA2AB621B54267007863F1 /* UserService.swift */; };
/* End PBXBuildFile section */

/* Begin PBXContainerItemProxy section */
		D2BD2A2521B037E900D35536 /* PBXContainerItemProxy */ = {
			isa = PBXContainerItemProxy;
			containerPortal = D2BD2A0821B037E700D35536 /* Project object */;
			proxyType = 1;
			remoteGlobalIDString = D2BD2A0F21B037E700D35536;
			remoteInfo = MakeInstagram;
		};
		D2BD2A3021B037E900D35536 /* PBXContainerItemProxy */ = {
			isa = PBXContainerItemProxy;
			containerPortal = D2BD2A0821B037E700D35536 /* Project object */;
			proxyType = 1;
			remoteGlobalIDString = D2BD2A0F21B037E700D35536;
			remoteInfo = MakeInstagram;
		};
/* End PBXContainerItemProxy section */

/* Begin PBXFileReference section */
		04973601FD7E0C1151E4BDA9 /* Pods_MakeInstagram.framework */ = {isa = PBXFileReference; explicitFileType = wrapper.framework; includeInIndex = 0; path = Pods_MakeInstagram.framework; sourceTree = BUILT_PRODUCTS_DIR; };
		0DB811A6E013DE529ED1C533 /* Pods-MakeInstagram.release.xcconfig */ = {isa = PBXFileReference; includeInIndex = 1; lastKnownFileType = text.xcconfig; name = "Pods-MakeInstagram.release.xcconfig"; path = "Pods/Target Support Files/Pods-MakeInstagram/Pods-MakeInstagram.release.xcconfig"; sourceTree = "<group>"; };
		BC6620A3B5E1D91FAFBD01A7 /* Pods-MakeInstagram.debug.xcconfig */ = {isa = PBXFileReference; includeInIndex = 1; lastKnownFileType = text.xcconfig; name = "Pods-MakeInstagram.debug.xcconfig"; path = "Pods/Target Support Files/Pods-MakeInstagram/Pods-MakeInstagram.debug.xcconfig"; sourceTree = "<group>"; };
		D2BD2A1021B037E700D35536 /* MakeInstagram.app */ = {isa = PBXFileReference; explicitFileType = wrapper.application; includeInIndex = 0; path = MakeInstagram.app; sourceTree = BUILT_PRODUCTS_DIR; };
		D2BD2A1321B037E700D35536 /* AppDelegate.swift */ = {isa = PBXFileReference; lastKnownFileType = sourcecode.swift; path = AppDelegate.swift; sourceTree = "<group>"; };
		D2BD2A1521B037E800D35536 /* ViewController.swift */ = {isa = PBXFileReference; lastKnownFileType = sourcecode.swift; path = ViewController.swift; sourceTree = "<group>"; };
		D2BD2A1821B037E800D35536 /* Base */ = {isa = PBXFileReference; lastKnownFileType = file.storyboard; name = Base; path = Base.lproj/Main.storyboard; sourceTree = "<group>"; };
		D2BD2A1A21B037E900D35536 /* Assets.xcassets */ = {isa = PBXFileReference; lastKnownFileType = folder.assetcatalog; path = Assets.xcassets; sourceTree = "<group>"; };
		D2BD2A1D21B037E900D35536 /* Base */ = {isa = PBXFileReference; lastKnownFileType = file.storyboard; name = Base; path = Base.lproj/LaunchScreen.storyboard; sourceTree = "<group>"; };
		D2BD2A1F21B037E900D35536 /* Info.plist */ = {isa = PBXFileReference; lastKnownFileType = text.plist.xml; path = Info.plist; sourceTree = "<group>"; };
		D2BD2A2421B037E900D35536 /* MakeInstagramTests.xctest */ = {isa = PBXFileReference; explicitFileType = wrapper.cfbundle; includeInIndex = 0; path = MakeInstagramTests.xctest; sourceTree = BUILT_PRODUCTS_DIR; };
		D2BD2A2821B037E900D35536 /* MakeInstagramTests.swift */ = {isa = PBXFileReference; lastKnownFileType = sourcecode.swift; path = MakeInstagramTests.swift; sourceTree = "<group>"; };
		D2BD2A2A21B037E900D35536 /* Info.plist */ = {isa = PBXFileReference; lastKnownFileType = text.plist.xml; path = Info.plist; sourceTree = "<group>"; };
		D2BD2A2F21B037E900D35536 /* MakeInstagramUITests.xctest */ = {isa = PBXFileReference; explicitFileType = wrapper.cfbundle; includeInIndex = 0; path = MakeInstagramUITests.xctest; sourceTree = BUILT_PRODUCTS_DIR; };
		D2BD2A3321B037E900D35536 /* MakeInstagramUITests.swift */ = {isa = PBXFileReference; lastKnownFileType = sourcecode.swift; path = MakeInstagramUITests.swift; sourceTree = "<group>"; };
		D2BD2A3521B037E900D35536 /* Info.plist */ = {isa = PBXFileReference; lastKnownFileType = text.plist.xml; path = Info.plist; sourceTree = "<group>"; };
		D2BD2A4121B03B6A00D35536 /* GoogleService-Info.plist */ = {isa = PBXFileReference; fileEncoding = 4; lastKnownFileType = text.plist.xml; path = "GoogleService-Info.plist"; sourceTree = "<group>"; };
		D2BD2A4D21B05FB800D35536 /* Login.storyboard */ = {isa = PBXFileReference; lastKnownFileType = file.storyboard; path = Login.storyboard; sourceTree = "<group>"; };
		D2BD2A4F21B0630800D35536 /* LoginViewController.swift */ = {isa = PBXFileReference; lastKnownFileType = sourcecode.swift; path = LoginViewController.swift; sourceTree = "<group>"; };
		D2BD2A5121B195A100D35536 /* User.swift */ = {isa = PBXFileReference; lastKnownFileType = sourcecode.swift; path = User.swift; sourceTree = "<group>"; };
		D2CA2AB421B39909007863F1 /* CreateUsernameViewController.swift */ = {isa = PBXFileReference; lastKnownFileType = sourcecode.swift; path = CreateUsernameViewController.swift; sourceTree = "<group>"; };
		D2CA2AB621B54267007863F1 /* UserService.swift */ = {isa = PBXFileReference; lastKnownFileType = sourcecode.swift; name = UserService.swift; path = MakeInstagram/Controllers/UserService.swift; sourceTree = SOURCE_ROOT; };
/* End PBXFileReference section */

/* Begin PBXFrameworksBuildPhase section */
		D2BD2A0D21B037E700D35536 /* Frameworks */ = {
			isa = PBXFrameworksBuildPhase;
			buildActionMask = 2147483647;
			files = (
				600D0F31813B9C000169F5E8 /* Pods_MakeInstagram.framework in Frameworks */,
			);
			runOnlyForDeploymentPostprocessing = 0;
		};
		D2BD2A2121B037E900D35536 /* Frameworks */ = {
			isa = PBXFrameworksBuildPhase;
			buildActionMask = 2147483647;
			files = (
			);
			runOnlyForDeploymentPostprocessing = 0;
		};
		D2BD2A2C21B037E900D35536 /* Frameworks */ = {
			isa = PBXFrameworksBuildPhase;
			buildActionMask = 2147483647;
			files = (
			);
			runOnlyForDeploymentPostprocessing = 0;
		};
/* End PBXFrameworksBuildPhase section */

/* Begin PBXGroup section */
		1FF6B80E1C4F7C8F5716A3C7 /* Pods */ = {
			isa = PBXGroup;
			children = (
				BC6620A3B5E1D91FAFBD01A7 /* Pods-MakeInstagram.debug.xcconfig */,
				0DB811A6E013DE529ED1C533 /* Pods-MakeInstagram.release.xcconfig */,
			);
			name = Pods;
			sourceTree = "<group>";
		};
		D2BD2A0721B037E700D35536 = {
			isa = PBXGroup;
			children = (
				D2BD2A1221B037E700D35536 /* MakeInstagram */,
				D2BD2A2721B037E900D35536 /* MakeInstagramTests */,
				D2BD2A3221B037E900D35536 /* MakeInstagramUITests */,
				D2BD2A1121B037E700D35536 /* Products */,
				1FF6B80E1C4F7C8F5716A3C7 /* Pods */,
				DB3E6CC73904AB69D0F6BF20 /* Frameworks */,
			);
			sourceTree = "<group>";
		};
		D2BD2A1121B037E700D35536 /* Products */ = {
			isa = PBXGroup;
			children = (
				D2BD2A1021B037E700D35536 /* MakeInstagram.app */,
				D2BD2A2421B037E900D35536 /* MakeInstagramTests.xctest */,
				D2BD2A2F21B037E900D35536 /* MakeInstagramUITests.xctest */,
			);
			name = Products;
			sourceTree = "<group>";
		};
		D2BD2A1221B037E700D35536 /* MakeInstagram */ = {
			isa = PBXGroup;
			children = (
				D2BD2A1321B037E700D35536 /* AppDelegate.swift */,
				D2BD2A4821B0420400D35536 /* Models */,
				D2BD2A4921B0420A00D35536 /* Services */,
				D2BD2A4521B03FF800D35536 /* Controllers */,
				D2BD2A4C21B0422900D35536 /* Views */,
				D2BD2A4B21B0421F00D35536 /* Supporting Files */,
				D2BD2A4A21B0421000D35536 /* Storyboards */,
				D2BD2A4721B041FA00D35536 /* Helpers */,
				D2BD2A4621B0404800D35536 /* Extensions */,
				D2BD2A1A21B037E900D35536 /* Assets.xcassets */,
			);
			path = MakeInstagram;
			sourceTree = "<group>";
		};
		D2BD2A2721B037E900D35536 /* MakeInstagramTests */ = {
			isa = PBXGroup;
			children = (
				D2BD2A2821B037E900D35536 /* MakeInstagramTests.swift */,
				D2BD2A2A21B037E900D35536 /* Info.plist */,
			);
			path = MakeInstagramTests;
			sourceTree = "<group>";
		};
		D2BD2A3221B037E900D35536 /* MakeInstagramUITests */ = {
			isa = PBXGroup;
			children = (
				D2BD2A3321B037E900D35536 /* MakeInstagramUITests.swift */,
				D2BD2A3521B037E900D35536 /* Info.plist */,
			);
			path = MakeInstagramUITests;
			sourceTree = "<group>";
		};
		D2BD2A4521B03FF800D35536 /* Controllers */ = {
			isa = PBXGroup;
			children = (
				D2BD2A1521B037E800D35536 /* ViewController.swift */,
				D2BD2A4F21B0630800D35536 /* LoginViewController.swift */,
				D2CA2AB421B39909007863F1 /* CreateUsernameViewController.swift */,
			);
			path = Controllers;
			sourceTree = "<group>";
		};
		D2BD2A4621B0404800D35536 /* Extensions */ = {
			isa = PBXGroup;
			children = (
			);
			path = Extensions;
			sourceTree = "<group>";
		};
		D2BD2A4721B041FA00D35536 /* Helpers */ = {
			isa = PBXGroup;
			children = (
			);
			path = Helpers;
			sourceTree = "<group>";
		};
		D2BD2A4821B0420400D35536 /* Models */ = {
			isa = PBXGroup;
			children = (
				D2BD2A5121B195A100D35536 /* User.swift */,
			);
			path = Models;
			sourceTree = "<group>";
		};
		D2BD2A4921B0420A00D35536 /* Services */ = {
			isa = PBXGroup;
			children = (
				D2CA2AB621B54267007863F1 /* UserService.swift */,
			);
			path = Services;
			sourceTree = "<group>";
		};
		D2BD2A4A21B0421000D35536 /* Storyboards */ = {
			isa = PBXGroup;
			children = (
				D2BD2A1C21B037E900D35536 /* LaunchScreen.storyboard */,
				D2BD2A1721B037E800D35536 /* Main.storyboard */,
				D2BD2A4D21B05FB800D35536 /* Login.storyboard */,
			);
			path = Storyboards;
			sourceTree = "<group>";
		};
		D2BD2A4B21B0421F00D35536 /* Supporting Files */ = {
			isa = PBXGroup;
			children = (
				D2BD2A4121B03B6A00D35536 /* GoogleService-Info.plist */,
				D2BD2A1F21B037E900D35536 /* Info.plist */,
			);
			path = "Supporting Files";
			sourceTree = "<group>";
		};
		D2BD2A4C21B0422900D35536 /* Views */ = {
			isa = PBXGroup;
			children = (
			);
			path = Views;
			sourceTree = "<group>";
		};
		DB3E6CC73904AB69D0F6BF20 /* Frameworks */ = {
			isa = PBXGroup;
			children = (
				04973601FD7E0C1151E4BDA9 /* Pods_MakeInstagram.framework */,
			);
			name = Frameworks;
			sourceTree = "<group>";
		};
/* End PBXGroup section */

/* Begin PBXNativeTarget section */
		D2BD2A0F21B037E700D35536 /* MakeInstagram */ = {
			isa = PBXNativeTarget;
			buildConfigurationList = D2BD2A3821B037E900D35536 /* Build configuration list for PBXNativeTarget "MakeInstagram" */;
			buildPhases = (
				C4CB69D30622CB036CB31C55 /* [CP] Check Pods Manifest.lock */,
				D2BD2A0C21B037E700D35536 /* Sources */,
				D2BD2A0D21B037E700D35536 /* Frameworks */,
				D2BD2A0E21B037E700D35536 /* Resources */,
				EBCD87A2F61134CC5E042FF0 /* [CP] Embed Pods Frameworks */,
				60225F486D547411D4FE6655 /* [CP] Copy Pods Resources */,
			);
			buildRules = (
			);
			dependencies = (
			);
			name = MakeInstagram;
			productName = MakeInstagram;
			productReference = D2BD2A1021B037E700D35536 /* MakeInstagram.app */;
			productType = "com.apple.product-type.application";
		};
		D2BD2A2321B037E900D35536 /* MakeInstagramTests */ = {
			isa = PBXNativeTarget;
			buildConfigurationList = D2BD2A3B21B037E900D35536 /* Build configuration list for PBXNativeTarget "MakeInstagramTests" */;
			buildPhases = (
				D2BD2A2021B037E900D35536 /* Sources */,
				D2BD2A2121B037E900D35536 /* Frameworks */,
				D2BD2A2221B037E900D35536 /* Resources */,
			);
			buildRules = (
			);
			dependencies = (
				D2BD2A2621B037E900D35536 /* PBXTargetDependency */,
			);
			name = MakeInstagramTests;
			productName = MakeInstagramTests;
			productReference = D2BD2A2421B037E900D35536 /* MakeInstagramTests.xctest */;
			productType = "com.apple.product-type.bundle.unit-test";
		};
		D2BD2A2E21B037E900D35536 /* MakeInstagramUITests */ = {
			isa = PBXNativeTarget;
			buildConfigurationList = D2BD2A3E21B037E900D35536 /* Build configuration list for PBXNativeTarget "MakeInstagramUITests" */;
			buildPhases = (
				D2BD2A2B21B037E900D35536 /* Sources */,
				D2BD2A2C21B037E900D35536 /* Frameworks */,
				D2BD2A2D21B037E900D35536 /* Resources */,
			);
			buildRules = (
			);
			dependencies = (
				D2BD2A3121B037E900D35536 /* PBXTargetDependency */,
			);
			name = MakeInstagramUITests;
			productName = MakeInstagramUITests;
			productReference = D2BD2A2F21B037E900D35536 /* MakeInstagramUITests.xctest */;
			productType = "com.apple.product-type.bundle.ui-testing";
		};
/* End PBXNativeTarget section */

/* Begin PBXProject section */
		D2BD2A0821B037E700D35536 /* Project object */ = {
			isa = PBXProject;
			attributes = {
				LastSwiftUpdateCheck = 1010;
				LastUpgradeCheck = 1010;
				ORGANIZATIONNAME = "Stanford University";
				TargetAttributes = {
					D2BD2A0F21B037E700D35536 = {
						CreatedOnToolsVersion = 10.1;
					};
					D2BD2A2321B037E900D35536 = {
						CreatedOnToolsVersion = 10.1;
						TestTargetID = D2BD2A0F21B037E700D35536;
					};
					D2BD2A2E21B037E900D35536 = {
						CreatedOnToolsVersion = 10.1;
						TestTargetID = D2BD2A0F21B037E700D35536;
					};
				};
			};
			buildConfigurationList = D2BD2A0B21B037E700D35536 /* Build configuration list for PBXProject "MakeInstagram" */;
			compatibilityVersion = "Xcode 9.3";
			developmentRegion = en;
			hasScannedForEncodings = 0;
			knownRegions = (
				en,
				Base,
			);
			mainGroup = D2BD2A0721B037E700D35536;
			productRefGroup = D2BD2A1121B037E700D35536 /* Products */;
			projectDirPath = "";
			projectRoot = "";
			targets = (
				D2BD2A0F21B037E700D35536 /* MakeInstagram */,
				D2BD2A2321B037E900D35536 /* MakeInstagramTests */,
				D2BD2A2E21B037E900D35536 /* MakeInstagramUITests */,
			);
		};
/* End PBXProject section */

/* Begin PBXResourcesBuildPhase section */
		D2BD2A0E21B037E700D35536 /* Resources */ = {
			isa = PBXResourcesBuildPhase;
			buildActionMask = 2147483647;
			files = (
				D2BD2A1E21B037E900D35536 /* LaunchScreen.storyboard in Resources */,
				D2BD2A4221B03B6A00D35536 /* GoogleService-Info.plist in Resources */,
				D2BD2A1B21B037E900D35536 /* Assets.xcassets in Resources */,
				D2BD2A4E21B05FB800D35536 /* Login.storyboard in Resources */,
				D2BD2A1921B037E800D35536 /* Main.storyboard in Resources */,
			);
			runOnlyForDeploymentPostprocessing = 0;
		};
		D2BD2A2221B037E900D35536 /* Resources */ = {
			isa = PBXResourcesBuildPhase;
			buildActionMask = 2147483647;
			files = (
				D2BD2A4321B03B6A00D35536 /* GoogleService-Info.plist in Resources */,
			);
			runOnlyForDeploymentPostprocessing = 0;
		};
		D2BD2A2D21B037E900D35536 /* Resources */ = {
			isa = PBXResourcesBuildPhase;
			buildActionMask = 2147483647;
			files = (
				D2BD2A4421B03B6A00D35536 /* GoogleService-Info.plist in Resources */,
			);
			runOnlyForDeploymentPostprocessing = 0;
		};
/* End PBXResourcesBuildPhase section */

/* Begin PBXShellScriptBuildPhase section */
		60225F486D547411D4FE6655 /* [CP] Copy Pods Resources */ = {
			isa = PBXShellScriptBuildPhase;
			buildActionMask = 2147483647;
			files = (
			);
			inputPaths = (
				"${SRCROOT}/Pods/Target Support Files/Pods-MakeInstagram/Pods-MakeInstagram-resources.sh",
				"${PODS_CONFIGURATION_BUILD_DIR}/FirebaseUI/FirebaseAuthUI.bundle",
			);
			name = "[CP] Copy Pods Resources";
			outputPaths = (
				"${TARGET_BUILD_DIR}/${UNLOCALIZED_RESOURCES_FOLDER_PATH}/FirebaseAuthUI.bundle",
			);
			runOnlyForDeploymentPostprocessing = 0;
			shellPath = /bin/sh;
			shellScript = "\"${SRCROOT}/Pods/Target Support Files/Pods-MakeInstagram/Pods-MakeInstagram-resources.sh\"\n";
			showEnvVarsInLog = 0;
		};
		C4CB69D30622CB036CB31C55 /* [CP] Check Pods Manifest.lock */ = {
			isa = PBXShellScriptBuildPhase;
			buildActionMask = 2147483647;
			files = (
			);
			inputPaths = (
				"${PODS_PODFILE_DIR_PATH}/Podfile.lock",
				"${PODS_ROOT}/Manifest.lock",
			);
			name = "[CP] Check Pods Manifest.lock";
			outputPaths = (
				"$(DERIVED_FILE_DIR)/Pods-MakeInstagram-checkManifestLockResult.txt",
			);
			runOnlyForDeploymentPostprocessing = 0;
			shellPath = /bin/sh;
			shellScript = "diff \"${PODS_PODFILE_DIR_PATH}/Podfile.lock\" \"${PODS_ROOT}/Manifest.lock\" > /dev/null\nif [ $? != 0 ] ; then\n    # print error to STDERR\n    echo \"error: The sandbox is not in sync with the Podfile.lock. Run 'pod install' or update your CocoaPods installation.\" >&2\n    exit 1\nfi\n# This output is used by Xcode 'outputs' to avoid re-running this script phase.\necho \"SUCCESS\" > \"${SCRIPT_OUTPUT_FILE_0}\"\n";
			showEnvVarsInLog = 0;
		};
		EBCD87A2F61134CC5E042FF0 /* [CP] Embed Pods Frameworks */ = {
			isa = PBXShellScriptBuildPhase;
			buildActionMask = 2147483647;
			files = (
			);
			inputPaths = (
				"${SRCROOT}/Pods/Target Support Files/Pods-MakeInstagram/Pods-MakeInstagram-frameworks.sh",
				"${BUILT_PRODUCTS_DIR}/GTMSessionFetcher/GTMSessionFetcher.framework",
				"${BUILT_PRODUCTS_DIR}/GoogleToolboxForMac/GoogleToolboxForMac.framework",
				"${BUILT_PRODUCTS_DIR}/leveldb-library/leveldb.framework",
				"${BUILT_PRODUCTS_DIR}/nanopb/nanopb.framework",
			);
			name = "[CP] Embed Pods Frameworks";
			outputPaths = (
				"${TARGET_BUILD_DIR}/${FRAMEWORKS_FOLDER_PATH}/GTMSessionFetcher.framework",
				"${TARGET_BUILD_DIR}/${FRAMEWORKS_FOLDER_PATH}/GoogleToolboxForMac.framework",
				"${TARGET_BUILD_DIR}/${FRAMEWORKS_FOLDER_PATH}/leveldb.framework",
				"${TARGET_BUILD_DIR}/${FRAMEWORKS_FOLDER_PATH}/nanopb.framework",
			);
			runOnlyForDeploymentPostprocessing = 0;
			shellPath = /bin/sh;
			shellScript = "\"${SRCROOT}/Pods/Target Support Files/Pods-MakeInstagram/Pods-MakeInstagram-frameworks.sh\"\n";
			showEnvVarsInLog = 0;
		};
/* End PBXShellScriptBuildPhase section */

/* Begin PBXSourcesBuildPhase section */
		D2BD2A0C21B037E700D35536 /* Sources */ = {
			isa = PBXSourcesBuildPhase;
			buildActionMask = 2147483647;
			files = (
				D2BD2A5221B195A100D35536 /* User.swift in Sources */,
				D2BD2A5021B0630800D35536 /* LoginViewController.swift in Sources */,
				D2CA2AB721B54267007863F1 /* UserService.swift in Sources */,
				D2BD2A1621B037E800D35536 /* ViewController.swift in Sources */,
				D2CA2AB521B39909007863F1 /* CreateUsernameViewController.swift in Sources */,
				D2BD2A1421B037E700D35536 /* AppDelegate.swift in Sources */,
			);
			runOnlyForDeploymentPostprocessing = 0;
		};
		D2BD2A2021B037E900D35536 /* Sources */ = {
			isa = PBXSourcesBuildPhase;
			buildActionMask = 2147483647;
			files = (
				D2BD2A2921B037E900D35536 /* MakeInstagramTests.swift in Sources */,
			);
			runOnlyForDeploymentPostprocessing = 0;
		};
		D2BD2A2B21B037E900D35536 /* Sources */ = {
			isa = PBXSourcesBuildPhase;
			buildActionMask = 2147483647;
			files = (
				D2BD2A3421B037E900D35536 /* MakeInstagramUITests.swift in Sources */,
			);
			runOnlyForDeploymentPostprocessing = 0;
		};
/* End PBXSourcesBuildPhase section */

/* Begin PBXTargetDependency section */
		D2BD2A2621B037E900D35536 /* PBXTargetDependency */ = {
			isa = PBXTargetDependency;
			target = D2BD2A0F21B037E700D35536 /* MakeInstagram */;
			targetProxy = D2BD2A2521B037E900D35536 /* PBXContainerItemProxy */;
		};
		D2BD2A3121B037E900D35536 /* PBXTargetDependency */ = {
			isa = PBXTargetDependency;
			target = D2BD2A0F21B037E700D35536 /* MakeInstagram */;
			targetProxy = D2BD2A3021B037E900D35536 /* PBXContainerItemProxy */;
		};
/* End PBXTargetDependency section */

/* Begin PBXVariantGroup section */
		D2BD2A1721B037E800D35536 /* Main.storyboard */ = {
			isa = PBXVariantGroup;
			children = (
				D2BD2A1821B037E800D35536 /* Base */,
			);
			name = Main.storyboard;
			sourceTree = "<group>";
		};
		D2BD2A1C21B037E900D35536 /* LaunchScreen.storyboard */ = {
			isa = PBXVariantGroup;
			children = (
				D2BD2A1D21B037E900D35536 /* Base */,
			);
			name = LaunchScreen.storyboard;
			sourceTree = "<group>";
		};
/* End PBXVariantGroup section */

/* Begin XCBuildConfiguration section */
		D2BD2A3621B037E900D35536 /* Debug */ = {
			isa = XCBuildConfiguration;
			buildSettings = {
				ALWAYS_SEARCH_USER_PATHS = NO;
				CLANG_ANALYZER_NONNULL = YES;
				CLANG_ANALYZER_NUMBER_OBJECT_CONVERSION = YES_AGGRESSIVE;
				CLANG_CXX_LANGUAGE_STANDARD = "gnu++14";
				CLANG_CXX_LIBRARY = "libc++";
				CLANG_ENABLE_MODULES = YES;
				CLANG_ENABLE_OBJC_ARC = YES;
				CLANG_ENABLE_OBJC_WEAK = YES;
				CLANG_WARN_BLOCK_CAPTURE_AUTORELEASING = YES;
				CLANG_WARN_BOOL_CONVERSION = YES;
				CLANG_WARN_COMMA = YES;
				CLANG_WARN_CONSTANT_CONVERSION = YES;
				CLANG_WARN_DEPRECATED_OBJC_IMPLEMENTATIONS = YES;
				CLANG_WARN_DIRECT_OBJC_ISA_USAGE = YES_ERROR;
				CLANG_WARN_DOCUMENTATION_COMMENTS = YES;
				CLANG_WARN_EMPTY_BODY = YES;
				CLANG_WARN_ENUM_CONVERSION = YES;
				CLANG_WARN_INFINITE_RECURSION = YES;
				CLANG_WARN_INT_CONVERSION = YES;
				CLANG_WARN_NON_LITERAL_NULL_CONVERSION = YES;
				CLANG_WARN_OBJC_IMPLICIT_RETAIN_SELF = YES;
				CLANG_WARN_OBJC_LITERAL_CONVERSION = YES;
				CLANG_WARN_OBJC_ROOT_CLASS = YES_ERROR;
				CLANG_WARN_RANGE_LOOP_ANALYSIS = YES;
				CLANG_WARN_STRICT_PROTOTYPES = YES;
				CLANG_WARN_SUSPICIOUS_MOVE = YES;
				CLANG_WARN_UNGUARDED_AVAILABILITY = YES_AGGRESSIVE;
				CLANG_WARN_UNREACHABLE_CODE = YES;
				CLANG_WARN__DUPLICATE_METHOD_MATCH = YES;
				CODE_SIGN_IDENTITY = "iPhone Developer";
				COPY_PHASE_STRIP = NO;
				DEBUG_INFORMATION_FORMAT = dwarf;
				ENABLE_STRICT_OBJC_MSGSEND = YES;
				ENABLE_TESTABILITY = YES;
				GCC_C_LANGUAGE_STANDARD = gnu11;
				GCC_DYNAMIC_NO_PIC = NO;
				GCC_NO_COMMON_BLOCKS = YES;
				GCC_OPTIMIZATION_LEVEL = 0;
				GCC_PREPROCESSOR_DEFINITIONS = (
					"DEBUG=1",
					"$(inherited)",
				);
				GCC_WARN_64_TO_32_BIT_CONVERSION = YES;
				GCC_WARN_ABOUT_RETURN_TYPE = YES_ERROR;
				GCC_WARN_UNDECLARED_SELECTOR = YES;
				GCC_WARN_UNINITIALIZED_AUTOS = YES_AGGRESSIVE;
				GCC_WARN_UNUSED_FUNCTION = YES;
				GCC_WARN_UNUSED_VARIABLE = YES;
				IPHONEOS_DEPLOYMENT_TARGET = 12.1;
				MTL_ENABLE_DEBUG_INFO = INCLUDE_SOURCE;
				MTL_FAST_MATH = YES;
				ONLY_ACTIVE_ARCH = YES;
				SDKROOT = iphoneos;
				SWIFT_ACTIVE_COMPILATION_CONDITIONS = DEBUG;
				SWIFT_OPTIMIZATION_LEVEL = "-Onone";
			};
			name = Debug;
		};
		D2BD2A3721B037E900D35536 /* Release */ = {
			isa = XCBuildConfiguration;
			buildSettings = {
				ALWAYS_SEARCH_USER_PATHS = NO;
				CLANG_ANALYZER_NONNULL = YES;
				CLANG_ANALYZER_NUMBER_OBJECT_CONVERSION = YES_AGGRESSIVE;
				CLANG_CXX_LANGUAGE_STANDARD = "gnu++14";
				CLANG_CXX_LIBRARY = "libc++";
				CLANG_ENABLE_MODULES = YES;
				CLANG_ENABLE_OBJC_ARC = YES;
				CLANG_ENABLE_OBJC_WEAK = YES;
				CLANG_WARN_BLOCK_CAPTURE_AUTORELEASING = YES;
				CLANG_WARN_BOOL_CONVERSION = YES;
				CLANG_WARN_COMMA = YES;
				CLANG_WARN_CONSTANT_CONVERSION = YES;
				CLANG_WARN_DEPRECATED_OBJC_IMPLEMENTATIONS = YES;
				CLANG_WARN_DIRECT_OBJC_ISA_USAGE = YES_ERROR;
				CLANG_WARN_DOCUMENTATION_COMMENTS = YES;
				CLANG_WARN_EMPTY_BODY = YES;
				CLANG_WARN_ENUM_CONVERSION = YES;
				CLANG_WARN_INFINITE_RECURSION = YES;
				CLANG_WARN_INT_CONVERSION = YES;
				CLANG_WARN_NON_LITERAL_NULL_CONVERSION = YES;
				CLANG_WARN_OBJC_IMPLICIT_RETAIN_SELF = YES;
				CLANG_WARN_OBJC_LITERAL_CONVERSION = YES;
				CLANG_WARN_OBJC_ROOT_CLASS = YES_ERROR;
				CLANG_WARN_RANGE_LOOP_ANALYSIS = YES;
				CLANG_WARN_STRICT_PROTOTYPES = YES;
				CLANG_WARN_SUSPICIOUS_MOVE = YES;
				CLANG_WARN_UNGUARDED_AVAILABILITY = YES_AGGRESSIVE;
				CLANG_WARN_UNREACHABLE_CODE = YES;
				CLANG_WARN__DUPLICATE_METHOD_MATCH = YES;
				CODE_SIGN_IDENTITY = "iPhone Developer";
				COPY_PHASE_STRIP = NO;
				DEBUG_INFORMATION_FORMAT = "dwarf-with-dsym";
				ENABLE_NS_ASSERTIONS = NO;
				ENABLE_STRICT_OBJC_MSGSEND = YES;
				GCC_C_LANGUAGE_STANDARD = gnu11;
				GCC_NO_COMMON_BLOCKS = YES;
				GCC_WARN_64_TO_32_BIT_CONVERSION = YES;
				GCC_WARN_ABOUT_RETURN_TYPE = YES_ERROR;
				GCC_WARN_UNDECLARED_SELECTOR = YES;
				GCC_WARN_UNINITIALIZED_AUTOS = YES_AGGRESSIVE;
				GCC_WARN_UNUSED_FUNCTION = YES;
				GCC_WARN_UNUSED_VARIABLE = YES;
				IPHONEOS_DEPLOYMENT_TARGET = 12.1;
				MTL_ENABLE_DEBUG_INFO = NO;
				MTL_FAST_MATH = YES;
				SDKROOT = iphoneos;
				SWIFT_COMPILATION_MODE = wholemodule;
				SWIFT_OPTIMIZATION_LEVEL = "-O";
				VALIDATE_PRODUCT = YES;
			};
			name = Release;
		};
		D2BD2A3921B037E900D35536 /* Debug */ = {
			isa = XCBuildConfiguration;
			baseConfigurationReference = BC6620A3B5E1D91FAFBD01A7 /* Pods-MakeInstagram.debug.xcconfig */;
			buildSettings = {
				ASSETCATALOG_COMPILER_APPICON_NAME = AppIcon;
				CODE_SIGN_STYLE = Automatic;
				DEVELOPMENT_TEAM = 834Z97FYMN;
				INFOPLIST_FILE = "$(SRCROOT)/MakeInstagram/Supporting Files/Info.plist";
				LD_RUNPATH_SEARCH_PATHS = (
					"$(inherited)",
					"@executable_path/Frameworks",
				);
				PRODUCT_BUNDLE_IDENTIFIER = com.makeschool.MakeInstagram;
				PRODUCT_NAME = "$(TARGET_NAME)";
				SWIFT_VERSION = 4.2;
				TARGETED_DEVICE_FAMILY = "1,2";
			};
			name = Debug;
		};
		D2BD2A3A21B037E900D35536 /* Release */ = {
			isa = XCBuildConfiguration;
			baseConfigurationReference = 0DB811A6E013DE529ED1C533 /* Pods-MakeInstagram.release.xcconfig */;
			buildSettings = {
				ASSETCATALOG_COMPILER_APPICON_NAME = AppIcon;
				CODE_SIGN_STYLE = Automatic;
				DEVELOPMENT_TEAM = 834Z97FYMN;
				INFOPLIST_FILE = "$(SRCROOT)/MakeInstagram/Supporting Files/Info.plist";
				LD_RUNPATH_SEARCH_PATHS = (
					"$(inherited)",
					"@executable_path/Frameworks",
				);
				PRODUCT_BUNDLE_IDENTIFIER = com.makeschool.MakeInstagram;
				PRODUCT_NAME = "$(TARGET_NAME)";
				SWIFT_VERSION = 4.2;
				TARGETED_DEVICE_FAMILY = "1,2";
			};
			name = Release;
		};
		D2BD2A3C21B037E900D35536 /* Debug */ = {
			isa = XCBuildConfiguration;
			buildSettings = {
				ALWAYS_EMBED_SWIFT_STANDARD_LIBRARIES = YES;
				BUNDLE_LOADER = "$(TEST_HOST)";
				CODE_SIGN_STYLE = Automatic;
				DEVELOPMENT_TEAM = 834Z97FYMN;
				INFOPLIST_FILE = MakeInstagramTests/Info.plist;
				LD_RUNPATH_SEARCH_PATHS = (
					"$(inherited)",
					"@executable_path/Frameworks",
					"@loader_path/Frameworks",
				);
				PRODUCT_BUNDLE_IDENTIFIER = com.makeschool.MakeInstagramTests;
				PRODUCT_NAME = "$(TARGET_NAME)";
				SWIFT_VERSION = 4.2;
				TARGETED_DEVICE_FAMILY = "1,2";
				TEST_HOST = "$(BUILT_PRODUCTS_DIR)/MakeInstagram.app/MakeInstagram";
			};
			name = Debug;
		};
		D2BD2A3D21B037E900D35536 /* Release */ = {
			isa = XCBuildConfiguration;
			buildSettings = {
				ALWAYS_EMBED_SWIFT_STANDARD_LIBRARIES = YES;
				BUNDLE_LOADER = "$(TEST_HOST)";
				CODE_SIGN_STYLE = Automatic;
				DEVELOPMENT_TEAM = 834Z97FYMN;
				INFOPLIST_FILE = MakeInstagramTests/Info.plist;
				LD_RUNPATH_SEARCH_PATHS = (
					"$(inherited)",
					"@executable_path/Frameworks",
					"@loader_path/Frameworks",
				);
				PRODUCT_BUNDLE_IDENTIFIER = com.makeschool.MakeInstagramTests;
				PRODUCT_NAME = "$(TARGET_NAME)";
				SWIFT_VERSION = 4.2;
				TARGETED_DEVICE_FAMILY = "1,2";
				TEST_HOST = "$(BUILT_PRODUCTS_DIR)/MakeInstagram.app/MakeInstagram";
			};
			name = Release;
		};
		D2BD2A3F21B037E900D35536 /* Debug */ = {
			isa = XCBuildConfiguration;
			buildSettings = {
				ALWAYS_EMBED_SWIFT_STANDARD_LIBRARIES = YES;
				CODE_SIGN_STYLE = Automatic;
				DEVELOPMENT_TEAM = 834Z97FYMN;
				INFOPLIST_FILE = MakeInstagramUITests/Info.plist;
				LD_RUNPATH_SEARCH_PATHS = (
					"$(inherited)",
					"@executable_path/Frameworks",
					"@loader_path/Frameworks",
				);
				PRODUCT_BUNDLE_IDENTIFIER = com.makeschool.MakeInstagramUITests;
				PRODUCT_NAME = "$(TARGET_NAME)";
				SWIFT_VERSION = 4.2;
				TARGETED_DEVICE_FAMILY = "1,2";
				TEST_TARGET_NAME = MakeInstagram;
			};
			name = Debug;
		};
		D2BD2A4021B037E900D35536 /* Release */ = {
			isa = XCBuildConfiguration;
			buildSettings = {
				ALWAYS_EMBED_SWIFT_STANDARD_LIBRARIES = YES;
				CODE_SIGN_STYLE = Automatic;
				DEVELOPMENT_TEAM = 834Z97FYMN;
				INFOPLIST_FILE = MakeInstagramUITests/Info.plist;
				LD_RUNPATH_SEARCH_PATHS = (
					"$(inherited)",
					"@executable_path/Frameworks",
					"@loader_path/Frameworks",
				);
				PRODUCT_BUNDLE_IDENTIFIER = com.makeschool.MakeInstagramUITests;
				PRODUCT_NAME = "$(TARGET_NAME)";
				SWIFT_VERSION = 4.2;
				TARGETED_DEVICE_FAMILY = "1,2";
				TEST_TARGET_NAME = MakeInstagram;
			};
			name = Release;
		};
/* End XCBuildConfiguration section */

/* Begin XCConfigurationList section */
		D2BD2A0B21B037E700D35536 /* Build configuration list for PBXProject "MakeInstagram" */ = {
			isa = XCConfigurationList;
			buildConfigurations = (
				D2BD2A3621B037E900D35536 /* Debug */,
				D2BD2A3721B037E900D35536 /* Release */,
			);
			defaultConfigurationIsVisible = 0;
			defaultConfigurationName = Release;
		};
		D2BD2A3821B037E900D35536 /* Build configuration list for PBXNativeTarget "MakeInstagram" */ = {
			isa = XCConfigurationList;
			buildConfigurations = (
				D2BD2A3921B037E900D35536 /* Debug */,
				D2BD2A3A21B037E900D35536 /* Release */,
			);
			defaultConfigurationIsVisible = 0;
			defaultConfigurationName = Release;
		};
		D2BD2A3B21B037E900D35536 /* Build configuration list for PBXNativeTarget "MakeInstagramTests" */ = {
			isa = XCConfigurationList;
			buildConfigurations = (
				D2BD2A3C21B037E900D35536 /* Debug */,
				D2BD2A3D21B037E900D35536 /* Release */,
			);
			defaultConfigurationIsVisible = 0;
			defaultConfigurationName = Release;
		};
		D2BD2A3E21B037E900D35536 /* Build configuration list for PBXNativeTarget "MakeInstagramUITests" */ = {
			isa = XCConfigurationList;
			buildConfigurations = (
				D2BD2A3F21B037E900D35536 /* Debug */,
				D2BD2A4021B037E900D35536 /* Release */,
			);
			defaultConfigurationIsVisible = 0;
			defaultConfigurationName = Release;
		};
/* End XCConfigurationList section */
	};
	rootObject = D2BD2A0821B037E700D35536 /* Project object */;
}
